// !$*UTF8*$!
{
	archiveVersion = 1;
	classes = {
	};
	objectVersion = 56;
	objects = {

/* Begin PBXBuildFile section */
		DBBCC23D2D129C590041A1F0 /* SendbirdSwiftUI in Frameworks */ = {isa = PBXBuildFile; productRef = DBBCC23C2D129C590041A1F0 /* SendbirdSwiftUI */; };
		DBF3E9322D1157EB00ABF5D5 /* CarpoolApplicationApp.swift in Sources */ = {isa = PBXBuildFile; fileRef = DBF3E9312D1157EB00ABF5D5 /* CarpoolApplicationApp.swift */; };
		DBF3E9362D1157ED00ABF5D5 /* Assets.xcassets in Resources */ = {isa = PBXBuildFile; fileRef = DBF3E9352D1157ED00ABF5D5 /* Assets.xcassets */; };
		DBF3E9392D1157ED00ABF5D5 /* Preview Assets.xcassets in Resources */ = {isa = PBXBuildFile; fileRef = DBF3E9382D1157ED00ABF5D5 /* Preview Assets.xcassets */; };
		DBF3E9402D11580F00ABF5D5 /* Login.swift in Sources */ = {isa = PBXBuildFile; fileRef = DBF3E93F2D11580F00ABF5D5 /* Login.swift */; };
		DBF3E9432D115A5500ABF5D5 /* FirebaseAnalytics in Frameworks */ = {isa = PBXBuildFile; productRef = DBF3E9422D115A5500ABF5D5 /* FirebaseAnalytics */; };
		DBF3E9452D115A5500ABF5D5 /* FirebaseAnalyticsOnDeviceConversion in Frameworks */ = {isa = PBXBuildFile; productRef = DBF3E9442D115A5500ABF5D5 /* FirebaseAnalyticsOnDeviceConversion */; };
		DBF3E9472D115A5500ABF5D5 /* FirebaseAnalyticsWithoutAdIdSupport in Frameworks */ = {isa = PBXBuildFile; productRef = DBF3E9462D115A5500ABF5D5 /* FirebaseAnalyticsWithoutAdIdSupport */; };
		DBF3E9492D115A5500ABF5D5 /* FirebaseAppCheck in Frameworks */ = {isa = PBXBuildFile; productRef = DBF3E9482D115A5500ABF5D5 /* FirebaseAppCheck */; };
		DBF3E94B2D115A5500ABF5D5 /* FirebaseAppDistribution-Beta in Frameworks */ = {isa = PBXBuildFile; productRef = DBF3E94A2D115A5500ABF5D5 /* FirebaseAppDistribution-Beta */; };
		DBF3E94D2D115A5500ABF5D5 /* FirebaseAuth in Frameworks */ = {isa = PBXBuildFile; productRef = DBF3E94C2D115A5500ABF5D5 /* FirebaseAuth */; };
		DBF3E94F2D115A5500ABF5D5 /* FirebaseAuthCombine-Community in Frameworks */ = {isa = PBXBuildFile; productRef = DBF3E94E2D115A5500ABF5D5 /* FirebaseAuthCombine-Community */; };
		DBF3E9512D115A5500ABF5D5 /* FirebaseCore in Frameworks */ = {isa = PBXBuildFile; productRef = DBF3E9502D115A5500ABF5D5 /* FirebaseCore */; };
		DBF3E9532D115A5500ABF5D5 /* FirebaseCrashlytics in Frameworks */ = {isa = PBXBuildFile; productRef = DBF3E9522D115A5500ABF5D5 /* FirebaseCrashlytics */; };
		DBF3E9552D115A5500ABF5D5 /* FirebaseDatabase in Frameworks */ = {isa = PBXBuildFile; productRef = DBF3E9542D115A5500ABF5D5 /* FirebaseDatabase */; };
		DBF3E9572D115A5500ABF5D5 /* FirebaseDynamicLinks in Frameworks */ = {isa = PBXBuildFile; productRef = DBF3E9562D115A5500ABF5D5 /* FirebaseDynamicLinks */; };
		DBF3E9592D115A5500ABF5D5 /* FirebaseFirestore in Frameworks */ = {isa = PBXBuildFile; productRef = DBF3E9582D115A5500ABF5D5 /* FirebaseFirestore */; };
		DBF3E95B2D115A5500ABF5D5 /* FirebaseFirestoreCombine-Community in Frameworks */ = {isa = PBXBuildFile; productRef = DBF3E95A2D115A5500ABF5D5 /* FirebaseFirestoreCombine-Community */; };
		DBF3E95D2D115A5500ABF5D5 /* FirebaseFunctions in Frameworks */ = {isa = PBXBuildFile; productRef = DBF3E95C2D115A5500ABF5D5 /* FirebaseFunctions */; };
		DBF3E95F2D115A5500ABF5D5 /* FirebaseFunctionsCombine-Community in Frameworks */ = {isa = PBXBuildFile; productRef = DBF3E95E2D115A5500ABF5D5 /* FirebaseFunctionsCombine-Community */; };
		DBF3E9612D115A5500ABF5D5 /* FirebaseInAppMessaging-Beta in Frameworks */ = {isa = PBXBuildFile; productRef = DBF3E9602D115A5500ABF5D5 /* FirebaseInAppMessaging-Beta */; };
		DBF3E9632D115A5500ABF5D5 /* FirebaseInstallations in Frameworks */ = {isa = PBXBuildFile; productRef = DBF3E9622D115A5500ABF5D5 /* FirebaseInstallations */; };
		DBF3E9652D115A5500ABF5D5 /* FirebaseMLModelDownloader in Frameworks */ = {isa = PBXBuildFile; productRef = DBF3E9642D115A5500ABF5D5 /* FirebaseMLModelDownloader */; };
		DBF3E9672D115A5500ABF5D5 /* FirebaseMessaging in Frameworks */ = {isa = PBXBuildFile; productRef = DBF3E9662D115A5500ABF5D5 /* FirebaseMessaging */; };
		DBF3E9692D115A5500ABF5D5 /* FirebasePerformance in Frameworks */ = {isa = PBXBuildFile; productRef = DBF3E9682D115A5500ABF5D5 /* FirebasePerformance */; };
		DBF3E96B2D115A5500ABF5D5 /* FirebaseRemoteConfig in Frameworks */ = {isa = PBXBuildFile; productRef = DBF3E96A2D115A5500ABF5D5 /* FirebaseRemoteConfig */; };
		DBF3E96D2D115A5500ABF5D5 /* FirebaseStorage in Frameworks */ = {isa = PBXBuildFile; productRef = DBF3E96C2D115A5500ABF5D5 /* FirebaseStorage */; };
		DBF3E96F2D115A5500ABF5D5 /* FirebaseStorageCombine-Community in Frameworks */ = {isa = PBXBuildFile; productRef = DBF3E96E2D115A5500ABF5D5 /* FirebaseStorageCombine-Community */; };
		DBF3E9712D115A5500ABF5D5 /* FirebaseVertexAI in Frameworks */ = {isa = PBXBuildFile; productRef = DBF3E9702D115A5500ABF5D5 /* FirebaseVertexAI */; };
		DBF3E9742D115A7F00ABF5D5 /* GoogleSignIn in Frameworks */ = {isa = PBXBuildFile; productRef = DBF3E9732D115A7F00ABF5D5 /* GoogleSignIn */; };
		DBF3E9762D115A7F00ABF5D5 /* GoogleSignInSwift in Frameworks */ = {isa = PBXBuildFile; productRef = DBF3E9752D115A7F00ABF5D5 /* GoogleSignInSwift */; };
		DBF3E9782D115BC000ABF5D5 /* Signup.swift in Sources */ = {isa = PBXBuildFile; fileRef = DBF3E9772D115BC000ABF5D5 /* Signup.swift */; };
		DBF3E97A2D115CCF00ABF5D5 /* GoogleService-Info.plist in Resources */ = {isa = PBXBuildFile; fileRef = DBF3E9792D115CCF00ABF5D5 /* GoogleService-Info.plist */; };
		DBF3E97C2D11602800ABF5D5 /* HomeScreen.swift in Sources */ = {isa = PBXBuildFile; fileRef = DBF3E97B2D11602800ABF5D5 /* HomeScreen.swift */; };
		DBF3E97E2D11605C00ABF5D5 /* PhoneVerificationSheet.swift in Sources */ = {isa = PBXBuildFile; fileRef = DBF3E97D2D11605C00ABF5D5 /* PhoneVerificationSheet.swift */; };
		DBF3E9802D11608F00ABF5D5 /* View+.swift in Sources */ = {isa = PBXBuildFile; fileRef = DBF3E97F2D11608F00ABF5D5 /* View+.swift */; };
		DBF3E9852D11639200ABF5D5 /* ChatingScreen.swift in Sources */ = {isa = PBXBuildFile; fileRef = DBF3E9842D11639200ABF5D5 /* ChatingScreen.swift */; };
		DBF3E98C2D1181E500ABF5D5 /* Message.swift in Sources */ = {isa = PBXBuildFile; fileRef = DBF3E98B2D1181E500ABF5D5 /* Message.swift */; };
/* End PBXBuildFile section */

/* Begin PBXFileReference section */
		DBF3E92E2D1157EB00ABF5D5 /* CarpoolApplication.app */ = {isa = PBXFileReference; explicitFileType = wrapper.application; includeInIndex = 0; path = CarpoolApplication.app; sourceTree = BUILT_PRODUCTS_DIR; };
		DBF3E9312D1157EB00ABF5D5 /* CarpoolApplicationApp.swift */ = {isa = PBXFileReference; lastKnownFileType = sourcecode.swift; path = CarpoolApplicationApp.swift; sourceTree = "<group>"; };
		DBF3E9352D1157ED00ABF5D5 /* Assets.xcassets */ = {isa = PBXFileReference; lastKnownFileType = folder.assetcatalog; path = Assets.xcassets; sourceTree = "<group>"; };
		DBF3E9382D1157ED00ABF5D5 /* Preview Assets.xcassets */ = {isa = PBXFileReference; lastKnownFileType = folder.assetcatalog; path = "Preview Assets.xcassets"; sourceTree = "<group>"; };
		DBF3E93F2D11580F00ABF5D5 /* Login.swift */ = {isa = PBXFileReference; lastKnownFileType = sourcecode.swift; path = Login.swift; sourceTree = "<group>"; };
		DBF3E9772D115BC000ABF5D5 /* Signup.swift */ = {isa = PBXFileReference; lastKnownFileType = sourcecode.swift; path = Signup.swift; sourceTree = "<group>"; };
		DBF3E9792D115CCF00ABF5D5 /* GoogleService-Info.plist */ = {isa = PBXFileReference; fileEncoding = 4; lastKnownFileType = text.plist.xml; path = "GoogleService-Info.plist"; sourceTree = "<group>"; };
		DBF3E97B2D11602800ABF5D5 /* HomeScreen.swift */ = {isa = PBXFileReference; lastKnownFileType = sourcecode.swift; path = HomeScreen.swift; sourceTree = "<group>"; };
		DBF3E97D2D11605C00ABF5D5 /* PhoneVerificationSheet.swift */ = {isa = PBXFileReference; lastKnownFileType = sourcecode.swift; path = PhoneVerificationSheet.swift; sourceTree = "<group>"; };
		DBF3E97F2D11608F00ABF5D5 /* View+.swift */ = {isa = PBXFileReference; lastKnownFileType = sourcecode.swift; path = "View+.swift"; sourceTree = "<group>"; };
		DBF3E9812D11622400ABF5D5 /* Info.plist */ = {isa = PBXFileReference; lastKnownFileType = text.plist; path = Info.plist; sourceTree = "<group>"; };
		DBF3E9842D11639200ABF5D5 /* ChatingScreen.swift */ = {isa = PBXFileReference; lastKnownFileType = sourcecode.swift; path = ChatingScreen.swift; sourceTree = "<group>"; };
		DBF3E98B2D1181E500ABF5D5 /* Message.swift */ = {isa = PBXFileReference; lastKnownFileType = sourcecode.swift; path = Message.swift; sourceTree = "<group>"; };
/* End PBXFileReference section */

/* Begin PBXFrameworksBuildPhase section */
		DBF3E92B2D1157EB00ABF5D5 /* Frameworks */ = {
			isa = PBXFrameworksBuildPhase;
			buildActionMask = 2147483647;
			files = (
				DBF3E95B2D115A5500ABF5D5 /* FirebaseFirestoreCombine-Community in Frameworks */,
				DBF3E9712D115A5500ABF5D5 /* FirebaseVertexAI in Frameworks */,
				DBF3E95D2D115A5500ABF5D5 /* FirebaseFunctions in Frameworks */,
				DBF3E9692D115A5500ABF5D5 /* FirebasePerformance in Frameworks */,
				DBF3E96F2D115A5500ABF5D5 /* FirebaseStorageCombine-Community in Frameworks */,
				DBF3E9762D115A7F00ABF5D5 /* GoogleSignInSwift in Frameworks */,
				DBF3E96B2D115A5500ABF5D5 /* FirebaseRemoteConfig in Frameworks */,
				DBF3E9552D115A5500ABF5D5 /* FirebaseDatabase in Frameworks */,
				DBF3E9572D115A5500ABF5D5 /* FirebaseDynamicLinks in Frameworks */,
				DBF3E9492D115A5500ABF5D5 /* FirebaseAppCheck in Frameworks */,
				DBF3E94D2D115A5500ABF5D5 /* FirebaseAuth in Frameworks */,
				DBF3E9432D115A5500ABF5D5 /* FirebaseAnalytics in Frameworks */,
				DBF3E9592D115A5500ABF5D5 /* FirebaseFirestore in Frameworks */,
				DBF3E9672D115A5500ABF5D5 /* FirebaseMessaging in Frameworks */,
				DBF3E9632D115A5500ABF5D5 /* FirebaseInstallations in Frameworks */,
				DBBCC23D2D129C590041A1F0 /* SendbirdSwiftUI in Frameworks */,
				DBF3E95F2D115A5500ABF5D5 /* FirebaseFunctionsCombine-Community in Frameworks */,
				DBF3E9742D115A7F00ABF5D5 /* GoogleSignIn in Frameworks */,
				DBF3E94B2D115A5500ABF5D5 /* FirebaseAppDistribution-Beta in Frameworks */,
				DBF3E9472D115A5500ABF5D5 /* FirebaseAnalyticsWithoutAdIdSupport in Frameworks */,
				DBF3E9612D115A5500ABF5D5 /* FirebaseInAppMessaging-Beta in Frameworks */,
				DBF3E94F2D115A5500ABF5D5 /* FirebaseAuthCombine-Community in Frameworks */,
				DBF3E9532D115A5500ABF5D5 /* FirebaseCrashlytics in Frameworks */,
				DBF3E9652D115A5500ABF5D5 /* FirebaseMLModelDownloader in Frameworks */,
				DBF3E96D2D115A5500ABF5D5 /* FirebaseStorage in Frameworks */,
				DBF3E9512D115A5500ABF5D5 /* FirebaseCore in Frameworks */,
				DBF3E9452D115A5500ABF5D5 /* FirebaseAnalyticsOnDeviceConversion in Frameworks */,
			);
			runOnlyForDeploymentPostprocessing = 0;
		};
/* End PBXFrameworksBuildPhase section */

/* Begin PBXGroup section */
		DBF3E9252D1157EB00ABF5D5 = {
			isa = PBXGroup;
			children = (
				DBF3E9302D1157EB00ABF5D5 /* CarpoolApplication */,
				DBF3E92F2D1157EB00ABF5D5 /* Products */,
			);
			sourceTree = "<group>";
		};
		DBF3E92F2D1157EB00ABF5D5 /* Products */ = {
			isa = PBXGroup;
			children = (
				DBF3E92E2D1157EB00ABF5D5 /* CarpoolApplication.app */,
			);
			name = Products;
			sourceTree = "<group>";
		};
		DBF3E9302D1157EB00ABF5D5 /* CarpoolApplication */ = {
			isa = PBXGroup;
			children = (
				DBF3E9862D117BC500ABF5D5 /* Module */,
				DBF3E9812D11622400ABF5D5 /* Info.plist */,
				DBF3E9792D115CCF00ABF5D5 /* GoogleService-Info.plist */,
				DBF3E9312D1157EB00ABF5D5 /* CarpoolApplicationApp.swift */,
				DBF3E9352D1157ED00ABF5D5 /* Assets.xcassets */,
				DBF3E9372D1157ED00ABF5D5 /* Preview Content */,
			);
			path = CarpoolApplication;
			sourceTree = "<group>";
		};
		DBF3E9372D1157ED00ABF5D5 /* Preview Content */ = {
			isa = PBXGroup;
			children = (
				DBF3E9382D1157ED00ABF5D5 /* Preview Assets.xcassets */,
			);
			path = "Preview Content";
			sourceTree = "<group>";
		};
		DBF3E9862D117BC500ABF5D5 /* Module */ = {
			isa = PBXGroup;
			children = (
				DBF3E98A2D1181CC00ABF5D5 /* Model */,
				DBF3E9872D117BD400ABF5D5 /* Views */,
			);
			path = Module;
			sourceTree = "<group>";
		};
		DBF3E9872D117BD400ABF5D5 /* Views */ = {
			isa = PBXGroup;
			children = (
				DBF3E9772D115BC000ABF5D5 /* Signup.swift */,
				DBF3E93F2D11580F00ABF5D5 /* Login.swift */,
				DBF3E97B2D11602800ABF5D5 /* HomeScreen.swift */,
				DBF3E97D2D11605C00ABF5D5 /* PhoneVerificationSheet.swift */,
				DBF3E9842D11639200ABF5D5 /* ChatingScreen.swift */,
				DBF3E97F2D11608F00ABF5D5 /* View+.swift */,
			);
			path = Views;
			sourceTree = "<group>";
		};
		DBF3E98A2D1181CC00ABF5D5 /* Model */ = {
			isa = PBXGroup;
			children = (
				DBF3E98B2D1181E500ABF5D5 /* Message.swift */,
			);
			path = Model;
			sourceTree = "<group>";
		};
/* End PBXGroup section */

/* Begin PBXNativeTarget section */
		DBF3E92D2D1157EB00ABF5D5 /* CarpoolApplication */ = {
			isa = PBXNativeTarget;
			buildConfigurationList = DBF3E93C2D1157ED00ABF5D5 /* Build configuration list for PBXNativeTarget "CarpoolApplication" */;
			buildPhases = (
				DBF3E92A2D1157EB00ABF5D5 /* Sources */,
				DBF3E92B2D1157EB00ABF5D5 /* Frameworks */,
				DBF3E92C2D1157EB00ABF5D5 /* Resources */,
			);
			buildRules = (
			);
			dependencies = (
			);
			name = CarpoolApplication;
			packageProductDependencies = (
				DBF3E9422D115A5500ABF5D5 /* FirebaseAnalytics */,
				DBF3E9442D115A5500ABF5D5 /* FirebaseAnalyticsOnDeviceConversion */,
				DBF3E9462D115A5500ABF5D5 /* FirebaseAnalyticsWithoutAdIdSupport */,
				DBF3E9482D115A5500ABF5D5 /* FirebaseAppCheck */,
				DBF3E94A2D115A5500ABF5D5 /* FirebaseAppDistribution-Beta */,
				DBF3E94C2D115A5500ABF5D5 /* FirebaseAuth */,
				DBF3E94E2D115A5500ABF5D5 /* FirebaseAuthCombine-Community */,
				DBF3E9502D115A5500ABF5D5 /* FirebaseCore */,
				DBF3E9522D115A5500ABF5D5 /* FirebaseCrashlytics */,
				DBF3E9542D115A5500ABF5D5 /* FirebaseDatabase */,
				DBF3E9562D115A5500ABF5D5 /* FirebaseDynamicLinks */,
				DBF3E9582D115A5500ABF5D5 /* FirebaseFirestore */,
				DBF3E95A2D115A5500ABF5D5 /* FirebaseFirestoreCombine-Community */,
				DBF3E95C2D115A5500ABF5D5 /* FirebaseFunctions */,
				DBF3E95E2D115A5500ABF5D5 /* FirebaseFunctionsCombine-Community */,
				DBF3E9602D115A5500ABF5D5 /* FirebaseInAppMessaging-Beta */,
				DBF3E9622D115A5500ABF5D5 /* FirebaseInstallations */,
				DBF3E9642D115A5500ABF5D5 /* FirebaseMLModelDownloader */,
				DBF3E9662D115A5500ABF5D5 /* FirebaseMessaging */,
				DBF3E9682D115A5500ABF5D5 /* FirebasePerformance */,
				DBF3E96A2D115A5500ABF5D5 /* FirebaseRemoteConfig */,
				DBF3E96C2D115A5500ABF5D5 /* FirebaseStorage */,
				DBF3E96E2D115A5500ABF5D5 /* FirebaseStorageCombine-Community */,
				DBF3E9702D115A5500ABF5D5 /* FirebaseVertexAI */,
				DBF3E9732D115A7F00ABF5D5 /* GoogleSignIn */,
				DBF3E9752D115A7F00ABF5D5 /* GoogleSignInSwift */,
				DBBCC23C2D129C590041A1F0 /* SendbirdSwiftUI */,
			);
			productName = CarpoolApplication;
			productReference = DBF3E92E2D1157EB00ABF5D5 /* CarpoolApplication.app */;
			productType = "com.apple.product-type.application";
		};
/* End PBXNativeTarget section */

/* Begin PBXProject section */
		DBF3E9262D1157EB00ABF5D5 /* Project object */ = {
			isa = PBXProject;
			attributes = {
				BuildIndependentTargetsInParallel = 1;
				LastSwiftUpdateCheck = 1520;
				LastUpgradeCheck = 1520;
				TargetAttributes = {
					DBF3E92D2D1157EB00ABF5D5 = {
						CreatedOnToolsVersion = 15.2;
					};
				};
			};
			buildConfigurationList = DBF3E9292D1157EB00ABF5D5 /* Build configuration list for PBXProject "CarpoolApplication" */;
			compatibilityVersion = "Xcode 14.0";
			developmentRegion = en;
			hasScannedForEncodings = 0;
			knownRegions = (
				en,
				Base,
			);
			mainGroup = DBF3E9252D1157EB00ABF5D5;
			packageReferences = (
				DBF3E9412D115A5500ABF5D5 /* XCRemoteSwiftPackageReference "firebase-ios-sdk" */,
				DBF3E9722D115A7F00ABF5D5 /* XCRemoteSwiftPackageReference "GoogleSignIn-iOS" */,
				DBBCC23B2D129C590041A1F0 /* XCRemoteSwiftPackageReference "sendbird-swiftui-ios" */,
			);
			productRefGroup = DBF3E92F2D1157EB00ABF5D5 /* Products */;
			projectDirPath = "";
			projectRoot = "";
			targets = (
				DBF3E92D2D1157EB00ABF5D5 /* CarpoolApplication */,
			);
		};
/* End PBXProject section */

/* Begin PBXResourcesBuildPhase section */
		DBF3E92C2D1157EB00ABF5D5 /* Resources */ = {
			isa = PBXResourcesBuildPhase;
			buildActionMask = 2147483647;
			files = (
				DBF3E9392D1157ED00ABF5D5 /* Preview Assets.xcassets in Resources */,
				DBF3E97A2D115CCF00ABF5D5 /* GoogleService-Info.plist in Resources */,
				DBF3E9362D1157ED00ABF5D5 /* Assets.xcassets in Resources */,
			);
			runOnlyForDeploymentPostprocessing = 0;
		};
/* End PBXResourcesBuildPhase section */

/* Begin PBXSourcesBuildPhase section */
		DBF3E92A2D1157EB00ABF5D5 /* Sources */ = {
			isa = PBXSourcesBuildPhase;
			buildActionMask = 2147483647;
			files = (
				DBF3E97C2D11602800ABF5D5 /* HomeScreen.swift in Sources */,
				DBF3E9322D1157EB00ABF5D5 /* CarpoolApplicationApp.swift in Sources */,
				DBF3E9402D11580F00ABF5D5 /* Login.swift in Sources */,
				DBF3E98C2D1181E500ABF5D5 /* Message.swift in Sources */,
				DBF3E9782D115BC000ABF5D5 /* Signup.swift in Sources */,
				DBF3E9852D11639200ABF5D5 /* ChatingScreen.swift in Sources */,
				DBF3E9802D11608F00ABF5D5 /* View+.swift in Sources */,
				DBF3E97E2D11605C00ABF5D5 /* PhoneVerificationSheet.swift in Sources */,
			);
			runOnlyForDeploymentPostprocessing = 0;
		};
/* End PBXSourcesBuildPhase section */

/* Begin XCBuildConfiguration section */
		DBF3E93A2D1157ED00ABF5D5 /* Debug */ = {
			isa = XCBuildConfiguration;
			buildSettings = {
				ALWAYS_SEARCH_USER_PATHS = NO;
				ASSETCATALOG_COMPILER_GENERATE_SWIFT_ASSET_SYMBOL_EXTENSIONS = YES;
				CLANG_ANALYZER_NONNULL = YES;
				CLANG_ANALYZER_NUMBER_OBJECT_CONVERSION = YES_AGGRESSIVE;
				CLANG_CXX_LANGUAGE_STANDARD = "gnu++20";
				CLANG_ENABLE_MODULES = YES;
				CLANG_ENABLE_OBJC_ARC = YES;
				CLANG_ENABLE_OBJC_WEAK = YES;
				CLANG_WARN_BLOCK_CAPTURE_AUTORELEASING = YES;
				CLANG_WARN_BOOL_CONVERSION = YES;
				CLANG_WARN_COMMA = YES;
				CLANG_WARN_CONSTANT_CONVERSION = YES;
				CLANG_WARN_DEPRECATED_OBJC_IMPLEMENTATIONS = YES;
				CLANG_WARN_DIRECT_OBJC_ISA_USAGE = YES_ERROR;
				CLANG_WARN_DOCUMENTATION_COMMENTS = YES;
				CLANG_WARN_EMPTY_BODY = YES;
				CLANG_WARN_ENUM_CONVERSION = YES;
				CLANG_WARN_INFINITE_RECURSION = YES;
				CLANG_WARN_INT_CONVERSION = YES;
				CLANG_WARN_NON_LITERAL_NULL_CONVERSION = YES;
				CLANG_WARN_OBJC_IMPLICIT_RETAIN_SELF = YES;
				CLANG_WARN_OBJC_LITERAL_CONVERSION = YES;
				CLANG_WARN_OBJC_ROOT_CLASS = YES_ERROR;
				CLANG_WARN_QUOTED_INCLUDE_IN_FRAMEWORK_HEADER = YES;
				CLANG_WARN_RANGE_LOOP_ANALYSIS = YES;
				CLANG_WARN_STRICT_PROTOTYPES = YES;
				CLANG_WARN_SUSPICIOUS_MOVE = YES;
				CLANG_WARN_UNGUARDED_AVAILABILITY = YES_AGGRESSIVE;
				CLANG_WARN_UNREACHABLE_CODE = YES;
				CLANG_WARN__DUPLICATE_METHOD_MATCH = YES;
				COPY_PHASE_STRIP = NO;
				DEBUG_INFORMATION_FORMAT = dwarf;
				ENABLE_STRICT_OBJC_MSGSEND = YES;
				ENABLE_TESTABILITY = YES;
				ENABLE_USER_SCRIPT_SANDBOXING = YES;
				GCC_C_LANGUAGE_STANDARD = gnu17;
				GCC_DYNAMIC_NO_PIC = NO;
				GCC_NO_COMMON_BLOCKS = YES;
				GCC_OPTIMIZATION_LEVEL = 0;
				GCC_PREPROCESSOR_DEFINITIONS = (
					"DEBUG=1",
					"$(inherited)",
				);
				GCC_WARN_64_TO_32_BIT_CONVERSION = YES;
				GCC_WARN_ABOUT_RETURN_TYPE = YES_ERROR;
				GCC_WARN_UNDECLARED_SELECTOR = YES;
				GCC_WARN_UNINITIALIZED_AUTOS = YES_AGGRESSIVE;
				GCC_WARN_UNUSED_FUNCTION = YES;
				GCC_WARN_UNUSED_VARIABLE = YES;
				IPHONEOS_DEPLOYMENT_TARGET = 17.2;
				LOCALIZATION_PREFERS_STRING_CATALOGS = YES;
				MTL_ENABLE_DEBUG_INFO = INCLUDE_SOURCE;
				MTL_FAST_MATH = YES;
				ONLY_ACTIVE_ARCH = YES;
				SDKROOT = iphoneos;
				SWIFT_ACTIVE_COMPILATION_CONDITIONS = "DEBUG $(inherited)";
				SWIFT_OPTIMIZATION_LEVEL = "-Onone";
			};
			name = Debug;
		};
		DBF3E93B2D1157ED00ABF5D5 /* Release */ = {
			isa = XCBuildConfiguration;
			buildSettings = {
				ALWAYS_SEARCH_USER_PATHS = NO;
				ASSETCATALOG_COMPILER_GENERATE_SWIFT_ASSET_SYMBOL_EXTENSIONS = YES;
				CLANG_ANALYZER_NONNULL = YES;
				CLANG_ANALYZER_NUMBER_OBJECT_CONVERSION = YES_AGGRESSIVE;
				CLANG_CXX_LANGUAGE_STANDARD = "gnu++20";
				CLANG_ENABLE_MODULES = YES;
				CLANG_ENABLE_OBJC_ARC = YES;
				CLANG_ENABLE_OBJC_WEAK = YES;
				CLANG_WARN_BLOCK_CAPTURE_AUTORELEASING = YES;
				CLANG_WARN_BOOL_CONVERSION = YES;
				CLANG_WARN_COMMA = YES;
				CLANG_WARN_CONSTANT_CONVERSION = YES;
				CLANG_WARN_DEPRECATED_OBJC_IMPLEMENTATIONS = YES;
				CLANG_WARN_DIRECT_OBJC_ISA_USAGE = YES_ERROR;
				CLANG_WARN_DOCUMENTATION_COMMENTS = YES;
				CLANG_WARN_EMPTY_BODY = YES;
				CLANG_WARN_ENUM_CONVERSION = YES;
				CLANG_WARN_INFINITE_RECURSION = YES;
				CLANG_WARN_INT_CONVERSION = YES;
				CLANG_WARN_NON_LITERAL_NULL_CONVERSION = YES;
				CLANG_WARN_OBJC_IMPLICIT_RETAIN_SELF = YES;
				CLANG_WARN_OBJC_LITERAL_CONVERSION = YES;
				CLANG_WARN_OBJC_ROOT_CLASS = YES_ERROR;
				CLANG_WARN_QUOTED_INCLUDE_IN_FRAMEWORK_HEADER = YES;
				CLANG_WARN_RANGE_LOOP_ANALYSIS = YES;
				CLANG_WARN_STRICT_PROTOTYPES = YES;
				CLANG_WARN_SUSPICIOUS_MOVE = YES;
				CLANG_WARN_UNGUARDED_AVAILABILITY = YES_AGGRESSIVE;
				CLANG_WARN_UNREACHABLE_CODE = YES;
				CLANG_WARN__DUPLICATE_METHOD_MATCH = YES;
				COPY_PHASE_STRIP = NO;
				DEBUG_INFORMATION_FORMAT = "dwarf-with-dsym";
				ENABLE_NS_ASSERTIONS = NO;
				ENABLE_STRICT_OBJC_MSGSEND = YES;
				ENABLE_USER_SCRIPT_SANDBOXING = YES;
				GCC_C_LANGUAGE_STANDARD = gnu17;
				GCC_NO_COMMON_BLOCKS = YES;
				GCC_WARN_64_TO_32_BIT_CONVERSION = YES;
				GCC_WARN_ABOUT_RETURN_TYPE = YES_ERROR;
				GCC_WARN_UNDECLARED_SELECTOR = YES;
				GCC_WARN_UNINITIALIZED_AUTOS = YES_AGGRESSIVE;
				GCC_WARN_UNUSED_FUNCTION = YES;
				GCC_WARN_UNUSED_VARIABLE = YES;
				IPHONEOS_DEPLOYMENT_TARGET = 17.2;
				LOCALIZATION_PREFERS_STRING_CATALOGS = YES;
				MTL_ENABLE_DEBUG_INFO = NO;
				MTL_FAST_MATH = YES;
				SDKROOT = iphoneos;
				SWIFT_COMPILATION_MODE = wholemodule;
				VALIDATE_PRODUCT = YES;
			};
			name = Release;
		};
		DBF3E93D2D1157ED00ABF5D5 /* Debug */ = {
			isa = XCBuildConfiguration;
			buildSettings = {
				ASSETCATALOG_COMPILER_APPICON_NAME = AppIcon;
				ASSETCATALOG_COMPILER_GLOBAL_ACCENT_COLOR_NAME = AccentColor;
				CODE_SIGN_STYLE = Automatic;
				CURRENT_PROJECT_VERSION = 1;
				DEVELOPMENT_ASSET_PATHS = "\"CarpoolApplication/Preview Content\"";
				DEVELOPMENT_TEAM = T9FK3GS36Z;
				ENABLE_PREVIEWS = YES;
				GENERATE_INFOPLIST_FILE = YES;
				INFOPLIST_FILE = CarpoolApplication/Info.plist;
				INFOPLIST_KEY_UIApplicationSceneManifest_Generation = YES;
				INFOPLIST_KEY_UIApplicationSupportsIndirectInputEvents = YES;
				INFOPLIST_KEY_UILaunchScreen_Generation = YES;
				INFOPLIST_KEY_UISupportedInterfaceOrientations_iPad = "UIInterfaceOrientationPortrait UIInterfaceOrientationPortraitUpsideDown UIInterfaceOrientationLandscapeLeft UIInterfaceOrientationLandscapeRight";
				INFOPLIST_KEY_UISupportedInterfaceOrientations_iPhone = "UIInterfaceOrientationPortrait UIInterfaceOrientationLandscapeLeft UIInterfaceOrientationLandscapeRight";
				LD_RUNPATH_SEARCH_PATHS = (
					"$(inherited)",
					"@executable_path/Frameworks",
				);
				MARKETING_VERSION = 1.0;
				PRODUCT_BUNDLE_IDENTIFIER = com.O3interfaces.CarpoolApplication;
				PRODUCT_NAME = "$(TARGET_NAME)";
				SWIFT_EMIT_LOC_STRINGS = YES;
				SWIFT_VERSION = 5.0;
				TARGETED_DEVICE_FAMILY = "1,2";
			};
			name = Debug;
		};
		DBF3E93E2D1157ED00ABF5D5 /* Release */ = {
			isa = XCBuildConfiguration;
			buildSettings = {
				ASSETCATALOG_COMPILER_APPICON_NAME = AppIcon;
				ASSETCATALOG_COMPILER_GLOBAL_ACCENT_COLOR_NAME = AccentColor;
				CODE_SIGN_STYLE = Automatic;
				CURRENT_PROJECT_VERSION = 1;
				DEVELOPMENT_ASSET_PATHS = "\"CarpoolApplication/Preview Content\"";
				DEVELOPMENT_TEAM = T9FK3GS36Z;
				ENABLE_PREVIEWS = YES;
				GENERATE_INFOPLIST_FILE = YES;
				INFOPLIST_FILE = CarpoolApplication/Info.plist;
				INFOPLIST_KEY_UIApplicationSceneManifest_Generation = YES;
				INFOPLIST_KEY_UIApplicationSupportsIndirectInputEvents = YES;
				INFOPLIST_KEY_UILaunchScreen_Generation = YES;
				INFOPLIST_KEY_UISupportedInterfaceOrientations_iPad = "UIInterfaceOrientationPortrait UIInterfaceOrientationPortraitUpsideDown UIInterfaceOrientationLandscapeLeft UIInterfaceOrientationLandscapeRight";
				INFOPLIST_KEY_UISupportedInterfaceOrientations_iPhone = "UIInterfaceOrientationPortrait UIInterfaceOrientationLandscapeLeft UIInterfaceOrientationLandscapeRight";
				LD_RUNPATH_SEARCH_PATHS = (
					"$(inherited)",
					"@executable_path/Frameworks",
				);
				MARKETING_VERSION = 1.0;
				PRODUCT_BUNDLE_IDENTIFIER = com.O3interfaces.CarpoolApplication;
				PRODUCT_NAME = "$(TARGET_NAME)";
				SWIFT_EMIT_LOC_STRINGS = YES;
				SWIFT_VERSION = 5.0;
				TARGETED_DEVICE_FAMILY = "1,2";
			};
			name = Release;
		};
/* End XCBuildConfiguration section */

/* Begin XCConfigurationList section */
		DBF3E9292D1157EB00ABF5D5 /* Build configuration list for PBXProject "CarpoolApplication" */ = {
			isa = XCConfigurationList;
			buildConfigurations = (
				DBF3E93A2D1157ED00ABF5D5 /* Debug */,
				DBF3E93B2D1157ED00ABF5D5 /* Release */,
			);
			defaultConfigurationIsVisible = 0;
			defaultConfigurationName = Release;
		};
		DBF3E93C2D1157ED00ABF5D5 /* Build configuration list for PBXNativeTarget "CarpoolApplication" */ = {
			isa = XCConfigurationList;
			buildConfigurations = (
				DBF3E93D2D1157ED00ABF5D5 /* Debug */,
				DBF3E93E2D1157ED00ABF5D5 /* Release */,
			);
			defaultConfigurationIsVisible = 0;
			defaultConfigurationName = Release;
		};
/* End XCConfigurationList section */

/* Begin XCRemoteSwiftPackageReference section */
		DBBCC23B2D129C590041A1F0 /* XCRemoteSwiftPackageReference "sendbird-swiftui-ios" */ = {
			isa = XCRemoteSwiftPackageReference;
			repositoryURL = "https://github.com/sendbird/sendbird-swiftui-ios.git";
			requirement = {
				branch = main;
				kind = branch;
			};
		};
		DBF3E9412D115A5500ABF5D5 /* XCRemoteSwiftPackageReference "firebase-ios-sdk" */ = {
			isa = XCRemoteSwiftPackageReference;
			repositoryURL = "https://github.com/firebase/firebase-ios-sdk";
			requirement = {
				kind = upToNextMajorVersion;
				minimumVersion = 11.6.0;
			};
		};
		DBF3E9722D115A7F00ABF5D5 /* XCRemoteSwiftPackageReference "GoogleSignIn-iOS" */ = {
			isa = XCRemoteSwiftPackageReference;
			repositoryURL = "https://github.com/google/GoogleSignIn-iOS";
			requirement = {
				kind = upToNextMajorVersion;
				minimumVersion = 8.0.0;
			};
		};
/* End XCRemoteSwiftPackageReference section */

/* Begin XCSwiftPackageProductDependency section */
		DBBCC23C2D129C590041A1F0 /* SendbirdSwiftUI */ = {
			isa = XCSwiftPackageProductDependency;
			package = DBBCC23B2D129C590041A1F0 /* XCRemoteSwiftPackageReference "sendbird-swiftui-ios" */;
			productName = SendbirdSwiftUI;
		};
		DBF3E9422D115A5500ABF5D5 /* FirebaseAnalytics */ = {
			isa = XCSwiftPackageProductDependency;
			package = DBF3E9412D115A5500ABF5D5 /* XCRemoteSwiftPackageReference "firebase-ios-sdk" */;
			productName = FirebaseAnalytics;
		};
		DBF3E9442D115A5500ABF5D5 /* FirebaseAnalyticsOnDeviceConversion */ = {
			isa = XCSwiftPackageProductDependency;
			package = DBF3E9412D115A5500ABF5D5 /* XCRemoteSwiftPackageReference "firebase-ios-sdk" */;
			productName = FirebaseAnalyticsOnDeviceConversion;
		};
		DBF3E9462D115A5500ABF5D5 /* FirebaseAnalyticsWithoutAdIdSupport */ = {
			isa = XCSwiftPackageProductDependency;
			package = DBF3E9412D115A5500ABF5D5 /* XCRemoteSwiftPackageReference "firebase-ios-sdk" */;
			productName = FirebaseAnalyticsWithoutAdIdSupport;
		};
		DBF3E9482D115A5500ABF5D5 /* FirebaseAppCheck */ = {
			isa = XCSwiftPackageProductDependency;
			package = DBF3E9412D115A5500ABF5D5 /* XCRemoteSwiftPackageReference "firebase-ios-sdk" */;
			productName = FirebaseAppCheck;
		};
		DBF3E94A2D115A5500ABF5D5 /* FirebaseAppDistribution-Beta */ = {
			isa = XCSwiftPackageProductDependency;
			package = DBF3E9412D115A5500ABF5D5 /* XCRemoteSwiftPackageReference "firebase-ios-sdk" */;
			productName = "FirebaseAppDistribution-Beta";
		};
		DBF3E94C2D115A5500ABF5D5 /* FirebaseAuth */ = {
			isa = XCSwiftPackageProductDependency;
			package = DBF3E9412D115A5500ABF5D5 /* XCRemoteSwiftPackageReference "firebase-ios-sdk" */;
			productName = FirebaseAuth;
		};
		DBF3E94E2D115A5500ABF5D5 /* FirebaseAuthCombine-Community */ = {
			isa = XCSwiftPackageProductDependency;
			package = DBF3E9412D115A5500ABF5D5 /* XCRemoteSwiftPackageReference "firebase-ios-sdk" */;
			productName = "FirebaseAuthCombine-Community";
		};
		DBF3E9502D115A5500ABF5D5 /* FirebaseCore */ = {
			isa = XCSwiftPackageProductDependency;
			package = DBF3E9412D115A5500ABF5D5 /* XCRemoteSwiftPackageReference "firebase-ios-sdk" */;
			productName = FirebaseCore;
		};
		DBF3E9522D115A5500ABF5D5 /* FirebaseCrashlytics */ = {
			isa = XCSwiftPackageProductDependency;
			package = DBF3E9412D115A5500ABF5D5 /* XCRemoteSwiftPackageReference "firebase-ios-sdk" */;
			productName = FirebaseCrashlytics;
		};
		DBF3E9542D115A5500ABF5D5 /* FirebaseDatabase */ = {
			isa = XCSwiftPackageProductDependency;
			package = DBF3E9412D115A5500ABF5D5 /* XCRemoteSwiftPackageReference "firebase-ios-sdk" */;
			productName = FirebaseDatabase;
		};
		DBF3E9562D115A5500ABF5D5 /* FirebaseDynamicLinks */ = {
			isa = XCSwiftPackageProductDependency;
			package = DBF3E9412D115A5500ABF5D5 /* XCRemoteSwiftPackageReference "firebase-ios-sdk" */;
			productName = FirebaseDynamicLinks;
		};
		DBF3E9582D115A5500ABF5D5 /* FirebaseFirestore */ = {
			isa = XCSwiftPackageProductDependency;
			package = DBF3E9412D115A5500ABF5D5 /* XCRemoteSwiftPackageReference "firebase-ios-sdk" */;
			productName = FirebaseFirestore;
		};
		DBF3E95A2D115A5500ABF5D5 /* FirebaseFirestoreCombine-Community */ = {
			isa = XCSwiftPackageProductDependency;
			package = DBF3E9412D115A5500ABF5D5 /* XCRemoteSwiftPackageReference "firebase-ios-sdk" */;
			productName = "FirebaseFirestoreCombine-Community";
		};
		DBF3E95C2D115A5500ABF5D5 /* FirebaseFunctions */ = {
			isa = XCSwiftPackageProductDependency;
			package = DBF3E9412D115A5500ABF5D5 /* XCRemoteSwiftPackageReference "firebase-ios-sdk" */;
			productName = FirebaseFunctions;
		};
		DBF3E95E2D115A5500ABF5D5 /* FirebaseFunctionsCombine-Community */ = {
			isa = XCSwiftPackageProductDependency;
			package = DBF3E9412D115A5500ABF5D5 /* XCRemoteSwiftPackageReference "firebase-ios-sdk" */;
			productName = "FirebaseFunctionsCombine-Community";
		};
		DBF3E9602D115A5500ABF5D5 /* FirebaseInAppMessaging-Beta */ = {
			isa = XCSwiftPackageProductDependency;
			package = DBF3E9412D115A5500ABF5D5 /* XCRemoteSwiftPackageReference "firebase-ios-sdk" */;
			productName = "FirebaseInAppMessaging-Beta";
		};
		DBF3E9622D115A5500ABF5D5 /* FirebaseInstallations */ = {
			isa = XCSwiftPackageProductDependency;
			package = DBF3E9412D115A5500ABF5D5 /* XCRemoteSwiftPackageReference "firebase-ios-sdk" */;
			productName = FirebaseInstallations;
		};
		DBF3E9642D115A5500ABF5D5 /* FirebaseMLModelDownloader */ = {
			isa = XCSwiftPackageProductDependency;
			package = DBF3E9412D115A5500ABF5D5 /* XCRemoteSwiftPackageReference "firebase-ios-sdk" */;
			productName = FirebaseMLModelDownloader;
		};
		DBF3E9662D115A5500ABF5D5 /* FirebaseMessaging */ = {
			isa = XCSwiftPackageProductDependency;
			package = DBF3E9412D115A5500ABF5D5 /* XCRemoteSwiftPackageReference "firebase-ios-sdk" */;
			productName = FirebaseMessaging;
		};
		DBF3E9682D115A5500ABF5D5 /* FirebasePerformance */ = {
			isa = XCSwiftPackageProductDependency;
			package = DBF3E9412D115A5500ABF5D5 /* XCRemoteSwiftPackageReference "firebase-ios-sdk" */;
			productName = FirebasePerformance;
		};
		DBF3E96A2D115A5500ABF5D5 /* FirebaseRemoteConfig */ = {
			isa = XCSwiftPackageProductDependency;
			package = DBF3E9412D115A5500ABF5D5 /* XCRemoteSwiftPackageReference "firebase-ios-sdk" */;
			productName = FirebaseRemoteConfig;
		};
		DBF3E96C2D115A5500ABF5D5 /* FirebaseStorage */ = {
			isa = XCSwiftPackageProductDependency;
			package = DBF3E9412D115A5500ABF5D5 /* XCRemoteSwiftPackageReference "firebase-ios-sdk" */;
			productName = FirebaseStorage;
		};
		DBF3E96E2D115A5500ABF5D5 /* FirebaseStorageCombine-Community */ = {
			isa = XCSwiftPackageProductDependency;
			package = DBF3E9412D115A5500ABF5D5 /* XCRemoteSwiftPackageReference "firebase-ios-sdk" */;
			productName = "FirebaseStorageCombine-Community";
		};
		DBF3E9702D115A5500ABF5D5 /* FirebaseVertexAI */ = {
			isa = XCSwiftPackageProductDependency;
			package = DBF3E9412D115A5500ABF5D5 /* XCRemoteSwiftPackageReference "firebase-ios-sdk" */;
			productName = FirebaseVertexAI;
		};
		DBF3E9732D115A7F00ABF5D5 /* GoogleSignIn */ = {
			isa = XCSwiftPackageProductDependency;
			package = DBF3E9722D115A7F00ABF5D5 /* XCRemoteSwiftPackageReference "GoogleSignIn-iOS" */;
			productName = GoogleSignIn;
		};
		DBF3E9752D115A7F00ABF5D5 /* GoogleSignInSwift */ = {
			isa = XCSwiftPackageProductDependency;
			package = DBF3E9722D115A7F00ABF5D5 /* XCRemoteSwiftPackageReference "GoogleSignIn-iOS" */;
			productName = GoogleSignInSwift;
		};
/* End XCSwiftPackageProductDependency section */
	};
	rootObject = DBF3E9262D1157EB00ABF5D5 /* Project object */;
}
