// !$*UTF8*$!
{
	archiveVersion = 1;
	classes = {
	};
	objectVersion = 56;
	objects = {

/* Begin PBXBuildFile section */
		DBBCC2912D13031A0041A1F0 /* FirebaseAnalytics in Frameworks */ = {isa = PBXBuildFile; productRef = DBBCC2902D13031A0041A1F0 /* FirebaseAnalytics */; };
		DBBCC2932D13031A0041A1F0 /* FirebaseAnalyticsOnDeviceConversion in Frameworks */ = {isa = PBXBuildFile; productRef = DBBCC2922D13031A0041A1F0 /* FirebaseAnalyticsOnDeviceConversion */; };
		DBBCC2952D13031A0041A1F0 /* FirebaseAnalyticsWithoutAdIdSupport in Frameworks */ = {isa = PBXBuildFile; productRef = DBBCC2942D13031A0041A1F0 /* FirebaseAnalyticsWithoutAdIdSupport */; };
		DBBCC2972D13031A0041A1F0 /* FirebaseAppCheck in Frameworks */ = {isa = PBXBuildFile; productRef = DBBCC2962D13031A0041A1F0 /* FirebaseAppCheck */; };
		DBBCC2992D13031A0041A1F0 /* FirebaseAppDistribution-Beta in Frameworks */ = {isa = PBXBuildFile; productRef = DBBCC2982D13031A0041A1F0 /* FirebaseAppDistribution-Beta */; };
		DBBCC29B2D13031A0041A1F0 /* FirebaseAuth in Frameworks */ = {isa = PBXBuildFile; productRef = DBBCC29A2D13031A0041A1F0 /* FirebaseAuth */; };
		DBBCC29D2D13031A0041A1F0 /* FirebaseAuthCombine-Community in Frameworks */ = {isa = PBXBuildFile; productRef = DBBCC29C2D13031A0041A1F0 /* FirebaseAuthCombine-Community */; };
		DBBCC29F2D13031A0041A1F0 /* FirebaseCore in Frameworks */ = {isa = PBXBuildFile; productRef = DBBCC29E2D13031A0041A1F0 /* FirebaseCore */; };
		DBBCC2A12D13031A0041A1F0 /* FirebaseCrashlytics in Frameworks */ = {isa = PBXBuildFile; productRef = DBBCC2A02D13031A0041A1F0 /* FirebaseCrashlytics */; };
		DBBCC2A32D13031A0041A1F0 /* FirebaseDatabase in Frameworks */ = {isa = PBXBuildFile; productRef = DBBCC2A22D13031A0041A1F0 /* FirebaseDatabase */; };
		DBBCC2A52D13031A0041A1F0 /* FirebaseDynamicLinks in Frameworks */ = {isa = PBXBuildFile; productRef = DBBCC2A42D13031A0041A1F0 /* FirebaseDynamicLinks */; };
		DBBCC2A72D13031A0041A1F0 /* FirebaseFirestore in Frameworks */ = {isa = PBXBuildFile; productRef = DBBCC2A62D13031A0041A1F0 /* FirebaseFirestore */; };
		DBBCC2A92D13031A0041A1F0 /* FirebaseFirestoreCombine-Community in Frameworks */ = {isa = PBXBuildFile; productRef = DBBCC2A82D13031A0041A1F0 /* FirebaseFirestoreCombine-Community */; };
		DBBCC2AB2D13031A0041A1F0 /* FirebaseFunctions in Frameworks */ = {isa = PBXBuildFile; productRef = DBBCC2AA2D13031A0041A1F0 /* FirebaseFunctions */; };
		DBBCC2AD2D13031A0041A1F0 /* FirebaseFunctionsCombine-Community in Frameworks */ = {isa = PBXBuildFile; productRef = DBBCC2AC2D13031A0041A1F0 /* FirebaseFunctionsCombine-Community */; };
		DBBCC2AF2D13031A0041A1F0 /* FirebaseInAppMessaging-Beta in Frameworks */ = {isa = PBXBuildFile; productRef = DBBCC2AE2D13031A0041A1F0 /* FirebaseInAppMessaging-Beta */; };
		DBBCC2B12D13031A0041A1F0 /* FirebaseInstallations in Frameworks */ = {isa = PBXBuildFile; productRef = DBBCC2B02D13031A0041A1F0 /* FirebaseInstallations */; };
		DBBCC2B32D13031A0041A1F0 /* FirebaseMLModelDownloader in Frameworks */ = {isa = PBXBuildFile; productRef = DBBCC2B22D13031A0041A1F0 /* FirebaseMLModelDownloader */; };
		DBBCC2B52D13031A0041A1F0 /* FirebaseMessaging in Frameworks */ = {isa = PBXBuildFile; productRef = DBBCC2B42D13031A0041A1F0 /* FirebaseMessaging */; };
		DBBCC2B72D13031A0041A1F0 /* FirebasePerformance in Frameworks */ = {isa = PBXBuildFile; productRef = DBBCC2B62D13031A0041A1F0 /* FirebasePerformance */; };
		DBBCC2B92D13031A0041A1F0 /* FirebaseRemoteConfig in Frameworks */ = {isa = PBXBuildFile; productRef = DBBCC2B82D13031A0041A1F0 /* FirebaseRemoteConfig */; };
		DBBCC2BB2D13031A0041A1F0 /* FirebaseStorage in Frameworks */ = {isa = PBXBuildFile; productRef = DBBCC2BA2D13031A0041A1F0 /* FirebaseStorage */; };
		DBBCC2BD2D13031A0041A1F0 /* FirebaseStorageCombine-Community in Frameworks */ = {isa = PBXBuildFile; productRef = DBBCC2BC2D13031A0041A1F0 /* FirebaseStorageCombine-Community */; };
		DBBCC2BF2D13031A0041A1F0 /* FirebaseVertexAI in Frameworks */ = {isa = PBXBuildFile; productRef = DBBCC2BE2D13031A0041A1F0 /* FirebaseVertexAI */; };
		DBBCC2C22D13038C0041A1F0 /* GoogleSignIn in Frameworks */ = {isa = PBXBuildFile; productRef = DBBCC2C12D13038C0041A1F0 /* GoogleSignIn */; };
		DBBCC2C42D13038C0041A1F0 /* GoogleSignInSwift in Frameworks */ = {isa = PBXBuildFile; productRef = DBBCC2C32D13038C0041A1F0 /* GoogleSignInSwift */; };
		DBBCC2C72D1303F70041A1F0 /* SendbirdSwiftUI in Frameworks */ = {isa = PBXBuildFile; productRef = DBBCC2C62D1303F70041A1F0 /* SendbirdSwiftUI */; };
		DBF3E9322D1157EB00ABF5D5 /* CarpoolApplicationApp.swift in Sources */ = {isa = PBXBuildFile; fileRef = DBF3E9312D1157EB00ABF5D5 /* CarpoolApplicationApp.swift */; };
		DBF3E9362D1157ED00ABF5D5 /* Assets.xcassets in Resources */ = {isa = PBXBuildFile; fileRef = DBF3E9352D1157ED00ABF5D5 /* Assets.xcassets */; };
		DBF3E9392D1157ED00ABF5D5 /* Preview Assets.xcassets in Resources */ = {isa = PBXBuildFile; fileRef = DBF3E9382D1157ED00ABF5D5 /* Preview Assets.xcassets */; };
		DBF3E9402D11580F00ABF5D5 /* Login.swift in Sources */ = {isa = PBXBuildFile; fileRef = DBF3E93F2D11580F00ABF5D5 /* Login.swift */; };
		DBF3E9782D115BC000ABF5D5 /* Signup.swift in Sources */ = {isa = PBXBuildFile; fileRef = DBF3E9772D115BC000ABF5D5 /* Signup.swift */; };
		DBF3E97A2D115CCF00ABF5D5 /* GoogleService-Info.plist in Resources */ = {isa = PBXBuildFile; fileRef = DBF3E9792D115CCF00ABF5D5 /* GoogleService-Info.plist */; };
		DBF3E97C2D11602800ABF5D5 /* HomeScreen.swift in Sources */ = {isa = PBXBuildFile; fileRef = DBF3E97B2D11602800ABF5D5 /* HomeScreen.swift */; };
		DBF3E97E2D11605C00ABF5D5 /* PhoneVerificationSheet.swift in Sources */ = {isa = PBXBuildFile; fileRef = DBF3E97D2D11605C00ABF5D5 /* PhoneVerificationSheet.swift */; };
		DBF3E9802D11608F00ABF5D5 /* View+.swift in Sources */ = {isa = PBXBuildFile; fileRef = DBF3E97F2D11608F00ABF5D5 /* View+.swift */; };
		DBF3E9852D11639200ABF5D5 /* ChatingScreen.swift in Sources */ = {isa = PBXBuildFile; fileRef = DBF3E9842D11639200ABF5D5 /* ChatingScreen.swift */; };
		DBF3E98C2D1181E500ABF5D5 /* Message.swift in Sources */ = {isa = PBXBuildFile; fileRef = DBF3E98B2D1181E500ABF5D5 /* Message.swift */; };
/* End PBXBuildFile section */

/* Begin PBXFileReference section */
		DBF3E92E2D1157EB00ABF5D5 /* CarpoolApplication.app */ = {isa = PBXFileReference; explicitFileType = wrapper.application; includeInIndex = 0; path = CarpoolApplication.app; sourceTree = BUILT_PRODUCTS_DIR; };
		DBF3E9312D1157EB00ABF5D5 /* CarpoolApplicationApp.swift */ = {isa = PBXFileReference; lastKnownFileType = sourcecode.swift; path = CarpoolApplicationApp.swift; sourceTree = "<group>"; };
		DBF3E9352D1157ED00ABF5D5 /* Assets.xcassets */ = {isa = PBXFileReference; lastKnownFileType = folder.assetcatalog; path = Assets.xcassets; sourceTree = "<group>"; };
		DBF3E9382D1157ED00ABF5D5 /* Preview Assets.xcassets */ = {isa = PBXFileReference; lastKnownFileType = folder.assetcatalog; path = "Preview Assets.xcassets"; sourceTree = "<group>"; };
		DBF3E93F2D11580F00ABF5D5 /* Login.swift */ = {isa = PBXFileReference; lastKnownFileType = sourcecode.swift; path = Login.swift; sourceTree = "<group>"; };
		DBF3E9772D115BC000ABF5D5 /* Signup.swift */ = {isa = PBXFileReference; lastKnownFileType = sourcecode.swift; path = Signup.swift; sourceTree = "<group>"; };
		DBF3E9792D115CCF00ABF5D5 /* GoogleService-Info.plist */ = {isa = PBXFileReference; fileEncoding = 4; lastKnownFileType = text.plist.xml; path = "GoogleService-Info.plist"; sourceTree = "<group>"; };
		DBF3E97B2D11602800ABF5D5 /* HomeScreen.swift */ = {isa = PBXFileReference; lastKnownFileType = sourcecode.swift; path = HomeScreen.swift; sourceTree = "<group>"; };
		DBF3E97D2D11605C00ABF5D5 /* PhoneVerificationSheet.swift */ = {isa = PBXFileReference; lastKnownFileType = sourcecode.swift; path = PhoneVerificationSheet.swift; sourceTree = "<group>"; };
		DBF3E97F2D11608F00ABF5D5 /* View+.swift */ = {isa = PBXFileReference; lastKnownFileType = sourcecode.swift; path = "View+.swift"; sourceTree = "<group>"; };
		DBF3E9812D11622400ABF5D5 /* Info.plist */ = {isa = PBXFileReference; lastKnownFileType = text.plist; path = Info.plist; sourceTree = "<group>"; };
		DBF3E9842D11639200ABF5D5 /* ChatingScreen.swift */ = {isa = PBXFileReference; lastKnownFileType = sourcecode.swift; path = ChatingScreen.swift; sourceTree = "<group>"; };
		DBF3E98B2D1181E500ABF5D5 /* Message.swift */ = {isa = PBXFileReference; lastKnownFileType = sourcecode.swift; path = Message.swift; sourceTree = "<group>"; };
/* End PBXFileReference section */

/* Begin PBXFrameworksBuildPhase section */
		DBF3E92B2D1157EB00ABF5D5 /* Frameworks */ = {
			isa = PBXFrameworksBuildPhase;
			buildActionMask = 2147483647;
			files = (
				DBBCC2A92D13031A0041A1F0 /* FirebaseFirestoreCombine-Community in Frameworks */,
				DBBCC2BF2D13031A0041A1F0 /* FirebaseVertexAI in Frameworks */,
				DBBCC2AB2D13031A0041A1F0 /* FirebaseFunctions in Frameworks */,
				DBBCC2B72D13031A0041A1F0 /* FirebasePerformance in Frameworks */,
				DBBCC2BD2D13031A0041A1F0 /* FirebaseStorageCombine-Community in Frameworks */,
				DBBCC2C42D13038C0041A1F0 /* GoogleSignInSwift in Frameworks */,
				DBBCC2B92D13031A0041A1F0 /* FirebaseRemoteConfig in Frameworks */,
				DBBCC2A32D13031A0041A1F0 /* FirebaseDatabase in Frameworks */,
				DBBCC2A52D13031A0041A1F0 /* FirebaseDynamicLinks in Frameworks */,
				DBBCC2972D13031A0041A1F0 /* FirebaseAppCheck in Frameworks */,
				DBBCC29B2D13031A0041A1F0 /* FirebaseAuth in Frameworks */,
				DBBCC2912D13031A0041A1F0 /* FirebaseAnalytics in Frameworks */,
				DBBCC2A72D13031A0041A1F0 /* FirebaseFirestore in Frameworks */,
				DBBCC2B52D13031A0041A1F0 /* FirebaseMessaging in Frameworks */,
				DBBCC2B12D13031A0041A1F0 /* FirebaseInstallations in Frameworks */,
				DBBCC2C72D1303F70041A1F0 /* SendbirdSwiftUI in Frameworks */,
				DBBCC2AD2D13031A0041A1F0 /* FirebaseFunctionsCombine-Community in Frameworks */,
				DBBCC2C22D13038C0041A1F0 /* GoogleSignIn in Frameworks */,
				DBBCC2992D13031A0041A1F0 /* FirebaseAppDistribution-Beta in Frameworks */,
				DBBCC2952D13031A0041A1F0 /* FirebaseAnalyticsWithoutAdIdSupport in Frameworks */,
				DBBCC2AF2D13031A0041A1F0 /* FirebaseInAppMessaging-Beta in Frameworks */,
				DBBCC29D2D13031A0041A1F0 /* FirebaseAuthCombine-Community in Frameworks */,
				DBBCC2A12D13031A0041A1F0 /* FirebaseCrashlytics in Frameworks */,
				DBBCC2B32D13031A0041A1F0 /* FirebaseMLModelDownloader in Frameworks */,
				DBBCC2BB2D13031A0041A1F0 /* FirebaseStorage in Frameworks */,
				DBBCC29F2D13031A0041A1F0 /* FirebaseCore in Frameworks */,
				DBBCC2932D13031A0041A1F0 /* FirebaseAnalyticsOnDeviceConversion in Frameworks */,
			);
			runOnlyForDeploymentPostprocessing = 0;
		};
/* End PBXFrameworksBuildPhase section */

/* Begin PBXGroup section */
		DBF3E9252D1157EB00ABF5D5 = {
			isa = PBXGroup;
			children = (
				DBF3E9302D1157EB00ABF5D5 /* CarpoolApplication */,
				DBF3E92F2D1157EB00ABF5D5 /* Products */,
			);
			sourceTree = "<group>";
		};
		DBF3E92F2D1157EB00ABF5D5 /* Products */ = {
			isa = PBXGroup;
			children = (
				DBF3E92E2D1157EB00ABF5D5 /* CarpoolApplication.app */,
			);
			name = Products;
			sourceTree = "<group>";
		};
		DBF3E9302D1157EB00ABF5D5 /* CarpoolApplication */ = {
			isa = PBXGroup;
			children = (
				DBF3E9862D117BC500ABF5D5 /* Module */,
				DBF3E9812D11622400ABF5D5 /* Info.plist */,
				DBF3E9792D115CCF00ABF5D5 /* GoogleService-Info.plist */,
				DBF3E9312D1157EB00ABF5D5 /* CarpoolApplicationApp.swift */,
				DBF3E9352D1157ED00ABF5D5 /* Assets.xcassets */,
				DBF3E9372D1157ED00ABF5D5 /* Preview Content */,
			);
			path = CarpoolApplication;
			sourceTree = "<group>";
		};
		DBF3E9372D1157ED00ABF5D5 /* Preview Content */ = {
			isa = PBXGroup;
			children = (
				DBF3E9382D1157ED00ABF5D5 /* Preview Assets.xcassets */,
			);
			path = "Preview Content";
			sourceTree = "<group>";
		};
		DBF3E9862D117BC500ABF5D5 /* Module */ = {
			isa = PBXGroup;
			children = (
				DBF3E98A2D1181CC00ABF5D5 /* Model */,
				DBF3E9872D117BD400ABF5D5 /* Views */,
			);
			path = Module;
			sourceTree = "<group>";
		};
		DBF3E9872D117BD400ABF5D5 /* Views */ = {
			isa = PBXGroup;
			children = (
				DBF3E9772D115BC000ABF5D5 /* Signup.swift */,
				DBF3E93F2D11580F00ABF5D5 /* Login.swift */,
				DBF3E97B2D11602800ABF5D5 /* HomeScreen.swift */,
				DBF3E97D2D11605C00ABF5D5 /* PhoneVerificationSheet.swift */,
				DBF3E9842D11639200ABF5D5 /* ChatingScreen.swift */,
				DBF3E97F2D11608F00ABF5D5 /* View+.swift */,
			);
			path = Views;
			sourceTree = "<group>";
		};
		DBF3E98A2D1181CC00ABF5D5 /* Model */ = {
			isa = PBXGroup;
			children = (
				DBF3E98B2D1181E500ABF5D5 /* Message.swift */,
			);
			path = Model;
			sourceTree = "<group>";
		};
/* End PBXGroup section */

/* Begin PBXNativeTarget section */
		DBF3E92D2D1157EB00ABF5D5 /* CarpoolApplication */ = {
			isa = PBXNativeTarget;
			buildConfigurationList = DBF3E93C2D1157ED00ABF5D5 /* Build configuration list for PBXNativeTarget "CarpoolApplication" */;
			buildPhases = (
				DBF3E92A2D1157EB00ABF5D5 /* Sources */,
				DBF3E92B2D1157EB00ABF5D5 /* Frameworks */,
				DBF3E92C2D1157EB00ABF5D5 /* Resources */,
			);
			buildRules = (
			);
			dependencies = (
			);
			name = CarpoolApplication;
			packageProductDependencies = (
				DBBCC2902D13031A0041A1F0 /* FirebaseAnalytics */,
				DBBCC2922D13031A0041A1F0 /* FirebaseAnalyticsOnDeviceConversion */,
				DBBCC2942D13031A0041A1F0 /* FirebaseAnalyticsWithoutAdIdSupport */,
				DBBCC2962D13031A0041A1F0 /* FirebaseAppCheck */,
				DBBCC2982D13031A0041A1F0 /* FirebaseAppDistribution-Beta */,
				DBBCC29A2D13031A0041A1F0 /* FirebaseAuth */,
				DBBCC29C2D13031A0041A1F0 /* FirebaseAuthCombine-Community */,
				DBBCC29E2D13031A0041A1F0 /* FirebaseCore */,
				DBBCC2A02D13031A0041A1F0 /* FirebaseCrashlytics */,
				DBBCC2A22D13031A0041A1F0 /* FirebaseDatabase */,
				DBBCC2A42D13031A0041A1F0 /* FirebaseDynamicLinks */,
				DBBCC2A62D13031A0041A1F0 /* FirebaseFirestore */,
				DBBCC2A82D13031A0041A1F0 /* FirebaseFirestoreCombine-Community */,
				DBBCC2AA2D13031A0041A1F0 /* FirebaseFunctions */,
				DBBCC2AC2D13031A0041A1F0 /* FirebaseFunctionsCombine-Community */,
				DBBCC2AE2D13031A0041A1F0 /* FirebaseInAppMessaging-Beta */,
				DBBCC2B02D13031A0041A1F0 /* FirebaseInstallations */,
				DBBCC2B22D13031A0041A1F0 /* FirebaseMLModelDownloader */,
				DBBCC2B42D13031A0041A1F0 /* FirebaseMessaging */,
				DBBCC2B62D13031A0041A1F0 /* FirebasePerformance */,
				DBBCC2B82D13031A0041A1F0 /* FirebaseRemoteConfig */,
				DBBCC2BA2D13031A0041A1F0 /* FirebaseStorage */,
				DBBCC2BC2D13031A0041A1F0 /* FirebaseStorageCombine-Community */,
				DBBCC2BE2D13031A0041A1F0 /* FirebaseVertexAI */,
				DBBCC2C12D13038C0041A1F0 /* GoogleSignIn */,
				DBBCC2C32D13038C0041A1F0 /* GoogleSignInSwift */,
				DBBCC2C62D1303F70041A1F0 /* SendbirdSwiftUI */,
			);
			productName = CarpoolApplication;
			productReference = DBF3E92E2D1157EB00ABF5D5 /* CarpoolApplication.app */;
			productType = "com.apple.product-type.application";
		};
/* End PBXNativeTarget section */

/* Begin PBXProject section */
		DBF3E9262D1157EB00ABF5D5 /* Project object */ = {
			isa = PBXProject;
			attributes = {
				BuildIndependentTargetsInParallel = 1;
				LastSwiftUpdateCheck = 1520;
				LastUpgradeCheck = 1520;
				TargetAttributes = {
					DBF3E92D2D1157EB00ABF5D5 = {
						CreatedOnToolsVersion = 15.2;
					};
				};
			};
			buildConfigurationList = DBF3E9292D1157EB00ABF5D5 /* Build configuration list for PBXProject "CarpoolApplication" */;
			compatibilityVersion = "Xcode 14.0";
			developmentRegion = en;
			hasScannedForEncodings = 0;
			knownRegions = (
				en,
				Base,
			);
			mainGroup = DBF3E9252D1157EB00ABF5D5;
			packageReferences = (
				DBBCC28F2D13031A0041A1F0 /* XCRemoteSwiftPackageReference "firebase-ios-sdk" */,
				DBBCC2C02D13038C0041A1F0 /* XCRemoteSwiftPackageReference "GoogleSignIn-iOS" */,
				DBBCC2C52D1303F70041A1F0 /* XCRemoteSwiftPackageReference "sendbird-swiftui-ios" */,
			);
			productRefGroup = DBF3E92F2D1157EB00ABF5D5 /* Products */;
			projectDirPath = "";
			projectRoot = "";
			targets = (
				DBF3E92D2D1157EB00ABF5D5 /* CarpoolApplication */,
			);
		};
/* End PBXProject section */

/* Begin PBXResourcesBuildPhase section */
		DBF3E92C2D1157EB00ABF5D5 /* Resources */ = {
			isa = PBXResourcesBuildPhase;
			buildActionMask = 2147483647;
			files = (
				DBF3E9392D1157ED00ABF5D5 /* Preview Assets.xcassets in Resources */,
				DBF3E97A2D115CCF00ABF5D5 /* GoogleService-Info.plist in Resources */,
				DBF3E9362D1157ED00ABF5D5 /* Assets.xcassets in Resources */,
			);
			runOnlyForDeploymentPostprocessing = 0;
		};
/* End PBXResourcesBuildPhase section */

/* Begin PBXSourcesBuildPhase section */
		DBF3E92A2D1157EB00ABF5D5 /* Sources */ = {
			isa = PBXSourcesBuildPhase;
			buildActionMask = 2147483647;
			files = (
				DBF3E97C2D11602800ABF5D5 /* HomeScreen.swift in Sources */,
				DBF3E9322D1157EB00ABF5D5 /* CarpoolApplicationApp.swift in Sources */,
				DBF3E9402D11580F00ABF5D5 /* Login.swift in Sources */,
				DBF3E98C2D1181E500ABF5D5 /* Message.swift in Sources */,
				DBF3E9782D115BC000ABF5D5 /* Signup.swift in Sources */,
				DBF3E9852D11639200ABF5D5 /* ChatingScreen.swift in Sources */,
				DBF3E9802D11608F00ABF5D5 /* View+.swift in Sources */,
				DBF3E97E2D11605C00ABF5D5 /* PhoneVerificationSheet.swift in Sources */,
			);
			runOnlyForDeploymentPostprocessing = 0;
		};
/* End PBXSourcesBuildPhase section */

/* Begin XCBuildConfiguration section */
		DBF3E93A2D1157ED00ABF5D5 /* Debug */ = {
			isa = XCBuildConfiguration;
			buildSettings = {
				ALWAYS_SEARCH_USER_PATHS = NO;
				ASSETCATALOG_COMPILER_GENERATE_SWIFT_ASSET_SYMBOL_EXTENSIONS = YES;
				CLANG_ANALYZER_NONNULL = YES;
				CLANG_ANALYZER_NUMBER_OBJECT_CONVERSION = YES_AGGRESSIVE;
				CLANG_CXX_LANGUAGE_STANDARD = "gnu++20";
				CLANG_ENABLE_MODULES = YES;
				CLANG_ENABLE_OBJC_ARC = YES;
				CLANG_ENABLE_OBJC_WEAK = YES;
				CLANG_WARN_BLOCK_CAPTURE_AUTORELEASING = YES;
				CLANG_WARN_BOOL_CONVERSION = YES;
				CLANG_WARN_COMMA = YES;
				CLANG_WARN_CONSTANT_CONVERSION = YES;
				CLANG_WARN_DEPRECATED_OBJC_IMPLEMENTATIONS = YES;
				CLANG_WARN_DIRECT_OBJC_ISA_USAGE = YES_ERROR;
				CLANG_WARN_DOCUMENTATION_COMMENTS = YES;
				CLANG_WARN_EMPTY_BODY = YES;
				CLANG_WARN_ENUM_CONVERSION = YES;
				CLANG_WARN_INFINITE_RECURSION = YES;
				CLANG_WARN_INT_CONVERSION = YES;
				CLANG_WARN_NON_LITERAL_NULL_CONVERSION = YES;
				CLANG_WARN_OBJC_IMPLICIT_RETAIN_SELF = YES;
				CLANG_WARN_OBJC_LITERAL_CONVERSION = YES;
				CLANG_WARN_OBJC_ROOT_CLASS = YES_ERROR;
				CLANG_WARN_QUOTED_INCLUDE_IN_FRAMEWORK_HEADER = YES;
				CLANG_WARN_RANGE_LOOP_ANALYSIS = YES;
				CLANG_WARN_STRICT_PROTOTYPES = YES;
				CLANG_WARN_SUSPICIOUS_MOVE = YES;
				CLANG_WARN_UNGUARDED_AVAILABILITY = YES_AGGRESSIVE;
				CLANG_WARN_UNREACHABLE_CODE = YES;
				CLANG_WARN__DUPLICATE_METHOD_MATCH = YES;
				COPY_PHASE_STRIP = NO;
				DEBUG_INFORMATION_FORMAT = dwarf;
				ENABLE_STRICT_OBJC_MSGSEND = YES;
				ENABLE_TESTABILITY = YES;
				ENABLE_USER_SCRIPT_SANDBOXING = YES;
				GCC_C_LANGUAGE_STANDARD = gnu17;
				GCC_DYNAMIC_NO_PIC = NO;
				GCC_NO_COMMON_BLOCKS = YES;
				GCC_OPTIMIZATION_LEVEL = 0;
				GCC_PREPROCESSOR_DEFINITIONS = (
					"DEBUG=1",
					"$(inherited)",
				);
				GCC_WARN_64_TO_32_BIT_CONVERSION = YES;
				GCC_WARN_ABOUT_RETURN_TYPE = YES_ERROR;
				GCC_WARN_UNDECLARED_SELECTOR = YES;
				GCC_WARN_UNINITIALIZED_AUTOS = YES_AGGRESSIVE;
				GCC_WARN_UNUSED_FUNCTION = YES;
				GCC_WARN_UNUSED_VARIABLE = YES;
				IPHONEOS_DEPLOYMENT_TARGET = 17.2;
				LOCALIZATION_PREFERS_STRING_CATALOGS = YES;
				MTL_ENABLE_DEBUG_INFO = INCLUDE_SOURCE;
				MTL_FAST_MATH = YES;
				ONLY_ACTIVE_ARCH = YES;
				SDKROOT = iphoneos;
				SWIFT_ACTIVE_COMPILATION_CONDITIONS = "DEBUG $(inherited)";
				SWIFT_OPTIMIZATION_LEVEL = "-Onone";
			};
			name = Debug;
		};
		DBF3E93B2D1157ED00ABF5D5 /* Release */ = {
			isa = XCBuildConfiguration;
			buildSettings = {
				ALWAYS_SEARCH_USER_PATHS = NO;
				ASSETCATALOG_COMPILER_GENERATE_SWIFT_ASSET_SYMBOL_EXTENSIONS = YES;
				CLANG_ANALYZER_NONNULL = YES;
				CLANG_ANALYZER_NUMBER_OBJECT_CONVERSION = YES_AGGRESSIVE;
				CLANG_CXX_LANGUAGE_STANDARD = "gnu++20";
				CLANG_ENABLE_MODULES = YES;
				CLANG_ENABLE_OBJC_ARC = YES;
				CLANG_ENABLE_OBJC_WEAK = YES;
				CLANG_WARN_BLOCK_CAPTURE_AUTORELEASING = YES;
				CLANG_WARN_BOOL_CONVERSION = YES;
				CLANG_WARN_COMMA = YES;
				CLANG_WARN_CONSTANT_CONVERSION = YES;
				CLANG_WARN_DEPRECATED_OBJC_IMPLEMENTATIONS = YES;
				CLANG_WARN_DIRECT_OBJC_ISA_USAGE = YES_ERROR;
				CLANG_WARN_DOCUMENTATION_COMMENTS = YES;
				CLANG_WARN_EMPTY_BODY = YES;
				CLANG_WARN_ENUM_CONVERSION = YES;
				CLANG_WARN_INFINITE_RECURSION = YES;
				CLANG_WARN_INT_CONVERSION = YES;
				CLANG_WARN_NON_LITERAL_NULL_CONVERSION = YES;
				CLANG_WARN_OBJC_IMPLICIT_RETAIN_SELF = YES;
				CLANG_WARN_OBJC_LITERAL_CONVERSION = YES;
				CLANG_WARN_OBJC_ROOT_CLASS = YES_ERROR;
				CLANG_WARN_QUOTED_INCLUDE_IN_FRAMEWORK_HEADER = YES;
				CLANG_WARN_RANGE_LOOP_ANALYSIS = YES;
				CLANG_WARN_STRICT_PROTOTYPES = YES;
				CLANG_WARN_SUSPICIOUS_MOVE = YES;
				CLANG_WARN_UNGUARDED_AVAILABILITY = YES_AGGRESSIVE;
				CLANG_WARN_UNREACHABLE_CODE = YES;
				CLANG_WARN__DUPLICATE_METHOD_MATCH = YES;
				COPY_PHASE_STRIP = NO;
				DEBUG_INFORMATION_FORMAT = "dwarf-with-dsym";
				ENABLE_NS_ASSERTIONS = NO;
				ENABLE_STRICT_OBJC_MSGSEND = YES;
				ENABLE_USER_SCRIPT_SANDBOXING = YES;
				GCC_C_LANGUAGE_STANDARD = gnu17;
				GCC_NO_COMMON_BLOCKS = YES;
				GCC_WARN_64_TO_32_BIT_CONVERSION = YES;
				GCC_WARN_ABOUT_RETURN_TYPE = YES_ERROR;
				GCC_WARN_UNDECLARED_SELECTOR = YES;
				GCC_WARN_UNINITIALIZED_AUTOS = YES_AGGRESSIVE;
				GCC_WARN_UNUSED_FUNCTION = YES;
				GCC_WARN_UNUSED_VARIABLE = YES;
				IPHONEOS_DEPLOYMENT_TARGET = 17.2;
				LOCALIZATION_PREFERS_STRING_CATALOGS = YES;
				MTL_ENABLE_DEBUG_INFO = NO;
				MTL_FAST_MATH = YES;
				SDKROOT = iphoneos;
				SWIFT_COMPILATION_MODE = wholemodule;
				VALIDATE_PRODUCT = YES;
			};
			name = Release;
		};
		DBF3E93D2D1157ED00ABF5D5 /* Debug */ = {
			isa = XCBuildConfiguration;
			buildSettings = {
				ASSETCATALOG_COMPILER_APPICON_NAME = AppIcon;
				ASSETCATALOG_COMPILER_GLOBAL_ACCENT_COLOR_NAME = AccentColor;
				CODE_SIGN_STYLE = Automatic;
				CURRENT_PROJECT_VERSION = 1;
				DEVELOPMENT_ASSET_PATHS = "\"CarpoolApplication/Preview Content\"";
				DEVELOPMENT_TEAM = T9FK3GS36Z;
				ENABLE_PREVIEWS = YES;
				GENERATE_INFOPLIST_FILE = YES;
				INFOPLIST_FILE = CarpoolApplication/Info.plist;
				INFOPLIST_KEY_UIApplicationSceneManifest_Generation = YES;
				INFOPLIST_KEY_UIApplicationSupportsIndirectInputEvents = YES;
				INFOPLIST_KEY_UILaunchScreen_Generation = YES;
				INFOPLIST_KEY_UISupportedInterfaceOrientations_iPad = "UIInterfaceOrientationPortrait UIInterfaceOrientationPortraitUpsideDown UIInterfaceOrientationLandscapeLeft UIInterfaceOrientationLandscapeRight";
				INFOPLIST_KEY_UISupportedInterfaceOrientations_iPhone = "UIInterfaceOrientationPortrait UIInterfaceOrientationLandscapeLeft UIInterfaceOrientationLandscapeRight";
				LD_RUNPATH_SEARCH_PATHS = (
					"$(inherited)",
					"@executable_path/Frameworks",
				);
				MARKETING_VERSION = 1.0;
				PRODUCT_BUNDLE_IDENTIFIER = com.O3interfaces.CarpoolApplication;
				PRODUCT_NAME = "$(TARGET_NAME)";
				SWIFT_EMIT_LOC_STRINGS = YES;
				SWIFT_VERSION = 5.0;
				TARGETED_DEVICE_FAMILY = "1,2";
			};
			name = Debug;
		};
		DBF3E93E2D1157ED00ABF5D5 /* Release */ = {
			isa = XCBuildConfiguration;
			buildSettings = {
				ASSETCATALOG_COMPILER_APPICON_NAME = AppIcon;
				ASSETCATALOG_COMPILER_GLOBAL_ACCENT_COLOR_NAME = AccentColor;
				CODE_SIGN_STYLE = Automatic;
				CURRENT_PROJECT_VERSION = 1;
				DEVELOPMENT_ASSET_PATHS = "\"CarpoolApplication/Preview Content\"";
				DEVELOPMENT_TEAM = T9FK3GS36Z;
				ENABLE_PREVIEWS = YES;
				GENERATE_INFOPLIST_FILE = YES;
				INFOPLIST_FILE = CarpoolApplication/Info.plist;
				INFOPLIST_KEY_UIApplicationSceneManifest_Generation = YES;
				INFOPLIST_KEY_UIApplicationSupportsIndirectInputEvents = YES;
				INFOPLIST_KEY_UILaunchScreen_Generation = YES;
				INFOPLIST_KEY_UISupportedInterfaceOrientations_iPad = "UIInterfaceOrientationPortrait UIInterfaceOrientationPortraitUpsideDown UIInterfaceOrientationLandscapeLeft UIInterfaceOrientationLandscapeRight";
				INFOPLIST_KEY_UISupportedInterfaceOrientations_iPhone = "UIInterfaceOrientationPortrait UIInterfaceOrientationLandscapeLeft UIInterfaceOrientationLandscapeRight";
				LD_RUNPATH_SEARCH_PATHS = (
					"$(inherited)",
					"@executable_path/Frameworks",
				);
				MARKETING_VERSION = 1.0;
				PRODUCT_BUNDLE_IDENTIFIER = com.O3interfaces.CarpoolApplication;
				PRODUCT_NAME = "$(TARGET_NAME)";
				SWIFT_EMIT_LOC_STRINGS = YES;
				SWIFT_VERSION = 5.0;
				TARGETED_DEVICE_FAMILY = "1,2";
			};
			name = Release;
		};
/* End XCBuildConfiguration section */

/* Begin XCConfigurationList section */
		DBF3E9292D1157EB00ABF5D5 /* Build configuration list for PBXProject "CarpoolApplication" */ = {
			isa = XCConfigurationList;
			buildConfigurations = (
				DBF3E93A2D1157ED00ABF5D5 /* Debug */,
				DBF3E93B2D1157ED00ABF5D5 /* Release */,
			);
			defaultConfigurationIsVisible = 0;
			defaultConfigurationName = Release;
		};
		DBF3E93C2D1157ED00ABF5D5 /* Build configuration list for PBXNativeTarget "CarpoolApplication" */ = {
			isa = XCConfigurationList;
			buildConfigurations = (
				DBF3E93D2D1157ED00ABF5D5 /* Debug */,
				DBF3E93E2D1157ED00ABF5D5 /* Release */,
			);
			defaultConfigurationIsVisible = 0;
			defaultConfigurationName = Release;
		};
/* End XCConfigurationList section */

/* Begin XCRemoteSwiftPackageReference section */
		DBBCC28F2D13031A0041A1F0 /* XCRemoteSwiftPackageReference "firebase-ios-sdk" */ = {
			isa = XCRemoteSwiftPackageReference;
			repositoryURL = "https://github.com/firebase/firebase-ios-sdk";
			requirement = {
				kind = upToNextMajorVersion;
				minimumVersion = 11.6.0;
			};
		};
		DBBCC2C02D13038C0041A1F0 /* XCRemoteSwiftPackageReference "GoogleSignIn-iOS" */ = {
			isa = XCRemoteSwiftPackageReference;
			repositoryURL = "https://github.com/google/GoogleSignIn-iOS";
			requirement = {
				kind = upToNextMajorVersion;
				minimumVersion = 8.0.0;
			};
		};
		DBBCC2C52D1303F70041A1F0 /* XCRemoteSwiftPackageReference "sendbird-swiftui-ios" */ = {
			isa = XCRemoteSwiftPackageReference;
			repositoryURL = "https://github.com/sendbird/sendbird-swiftui-ios.git";
			requirement = {
				kind = upToNextMajorVersion;
				minimumVersion = 1.0.0;
			};
		};
/* End XCRemoteSwiftPackageReference section */

/* Begin XCSwiftPackageProductDependency section */
		DBBCC2902D13031A0041A1F0 /* FirebaseAnalytics */ = {
			isa = XCSwiftPackageProductDependency;
			package = DBBCC28F2D13031A0041A1F0 /* XCRemoteSwiftPackageReference "firebase-ios-sdk" */;
			productName = FirebaseAnalytics;
		};
		DBBCC2922D13031A0041A1F0 /* FirebaseAnalyticsOnDeviceConversion */ = {
			isa = XCSwiftPackageProductDependency;
			package = DBBCC28F2D13031A0041A1F0 /* XCRemoteSwiftPackageReference "firebase-ios-sdk" */;
			productName = FirebaseAnalyticsOnDeviceConversion;
		};
		DBBCC2942D13031A0041A1F0 /* FirebaseAnalyticsWithoutAdIdSupport */ = {
			isa = XCSwiftPackageProductDependency;
			package = DBBCC28F2D13031A0041A1F0 /* XCRemoteSwiftPackageReference "firebase-ios-sdk" */;
			productName = FirebaseAnalyticsWithoutAdIdSupport;
		};
		DBBCC2962D13031A0041A1F0 /* FirebaseAppCheck */ = {
			isa = XCSwiftPackageProductDependency;
			package = DBBCC28F2D13031A0041A1F0 /* XCRemoteSwiftPackageReference "firebase-ios-sdk" */;
			productName = FirebaseAppCheck;
		};
		DBBCC2982D13031A0041A1F0 /* FirebaseAppDistribution-Beta */ = {
			isa = XCSwiftPackageProductDependency;
			package = DBBCC28F2D13031A0041A1F0 /* XCRemoteSwiftPackageReference "firebase-ios-sdk" */;
			productName = "FirebaseAppDistribution-Beta";
		};
		DBBCC29A2D13031A0041A1F0 /* FirebaseAuth */ = {
			isa = XCSwiftPackageProductDependency;
			package = DBBCC28F2D13031A0041A1F0 /* XCRemoteSwiftPackageReference "firebase-ios-sdk" */;
			productName = FirebaseAuth;
		};
		DBBCC29C2D13031A0041A1F0 /* FirebaseAuthCombine-Community */ = {
			isa = XCSwiftPackageProductDependency;
			package = DBBCC28F2D13031A0041A1F0 /* XCRemoteSwiftPackageReference "firebase-ios-sdk" */;
			productName = "FirebaseAuthCombine-Community";
		};
		DBBCC29E2D13031A0041A1F0 /* FirebaseCore */ = {
			isa = XCSwiftPackageProductDependency;
			package = DBBCC28F2D13031A0041A1F0 /* XCRemoteSwiftPackageReference "firebase-ios-sdk" */;
			productName = FirebaseCore;
		};
		DBBCC2A02D13031A0041A1F0 /* FirebaseCrashlytics */ = {
			isa = XCSwiftPackageProductDependency;
			package = DBBCC28F2D13031A0041A1F0 /* XCRemoteSwiftPackageReference "firebase-ios-sdk" */;
			productName = FirebaseCrashlytics;
		};
		DBBCC2A22D13031A0041A1F0 /* FirebaseDatabase */ = {
			isa = XCSwiftPackageProductDependency;
			package = DBBCC28F2D13031A0041A1F0 /* XCRemoteSwiftPackageReference "firebase-ios-sdk" */;
			productName = FirebaseDatabase;
		};
		DBBCC2A42D13031A0041A1F0 /* FirebaseDynamicLinks */ = {
			isa = XCSwiftPackageProductDependency;
			package = DBBCC28F2D13031A0041A1F0 /* XCRemoteSwiftPackageReference "firebase-ios-sdk" */;
			productName = FirebaseDynamicLinks;
		};
		DBBCC2A62D13031A0041A1F0 /* FirebaseFirestore */ = {
			isa = XCSwiftPackageProductDependency;
			package = DBBCC28F2D13031A0041A1F0 /* XCRemoteSwiftPackageReference "firebase-ios-sdk" */;
			productName = FirebaseFirestore;
		};
		DBBCC2A82D13031A0041A1F0 /* FirebaseFirestoreCombine-Community */ = {
			isa = XCSwiftPackageProductDependency;
			package = DBBCC28F2D13031A0041A1F0 /* XCRemoteSwiftPackageReference "firebase-ios-sdk" */;
			productName = "FirebaseFirestoreCombine-Community";
		};
		DBBCC2AA2D13031A0041A1F0 /* FirebaseFunctions */ = {
			isa = XCSwiftPackageProductDependency;
			package = DBBCC28F2D13031A0041A1F0 /* XCRemoteSwiftPackageReference "firebase-ios-sdk" */;
			productName = FirebaseFunctions;
		};
		DBBCC2AC2D13031A0041A1F0 /* FirebaseFunctionsCombine-Community */ = {
			isa = XCSwiftPackageProductDependency;
			package = DBBCC28F2D13031A0041A1F0 /* XCRemoteSwiftPackageReference "firebase-ios-sdk" */;
			productName = "FirebaseFunctionsCombine-Community";
		};
		DBBCC2AE2D13031A0041A1F0 /* FirebaseInAppMessaging-Beta */ = {
			isa = XCSwiftPackageProductDependency;
			package = DBBCC28F2D13031A0041A1F0 /* XCRemoteSwiftPackageReference "firebase-ios-sdk" */;
			productName = "FirebaseInAppMessaging-Beta";
		};
		DBBCC2B02D13031A0041A1F0 /* FirebaseInstallations */ = {
			isa = XCSwiftPackageProductDependency;
			package = DBBCC28F2D13031A0041A1F0 /* XCRemoteSwiftPackageReference "firebase-ios-sdk" */;
			productName = FirebaseInstallations;
		};
		DBBCC2B22D13031A0041A1F0 /* FirebaseMLModelDownloader */ = {
			isa = XCSwiftPackageProductDependency;
			package = DBBCC28F2D13031A0041A1F0 /* XCRemoteSwiftPackageReference "firebase-ios-sdk" */;
			productName = FirebaseMLModelDownloader;
		};
		DBBCC2B42D13031A0041A1F0 /* FirebaseMessaging */ = {
			isa = XCSwiftPackageProductDependency;
			package = DBBCC28F2D13031A0041A1F0 /* XCRemoteSwiftPackageReference "firebase-ios-sdk" */;
			productName = FirebaseMessaging;
		};
		DBBCC2B62D13031A0041A1F0 /* FirebasePerformance */ = {
			isa = XCSwiftPackageProductDependency;
			package = DBBCC28F2D13031A0041A1F0 /* XCRemoteSwiftPackageReference "firebase-ios-sdk" */;
			productName = FirebasePerformance;
		};
		DBBCC2B82D13031A0041A1F0 /* FirebaseRemoteConfig */ = {
			isa = XCSwiftPackageProductDependency;
			package = DBBCC28F2D13031A0041A1F0 /* XCRemoteSwiftPackageReference "firebase-ios-sdk" */;
			productName = FirebaseRemoteConfig;
		};
		DBBCC2BA2D13031A0041A1F0 /* FirebaseStorage */ = {
			isa = XCSwiftPackageProductDependency;
			package = DBBCC28F2D13031A0041A1F0 /* XCRemoteSwiftPackageReference "firebase-ios-sdk" */;
			productName = FirebaseStorage;
		};
		DBBCC2BC2D13031A0041A1F0 /* FirebaseStorageCombine-Community */ = {
			isa = XCSwiftPackageProductDependency;
			package = DBBCC28F2D13031A0041A1F0 /* XCRemoteSwiftPackageReference "firebase-ios-sdk" */;
			productName = "FirebaseStorageCombine-Community";
		};
		DBBCC2BE2D13031A0041A1F0 /* FirebaseVertexAI */ = {
			isa = XCSwiftPackageProductDependency;
			package = DBBCC28F2D13031A0041A1F0 /* XCRemoteSwiftPackageReference "firebase-ios-sdk" */;
			productName = FirebaseVertexAI;
		};
		DBBCC2C12D13038C0041A1F0 /* GoogleSignIn */ = {
			isa = XCSwiftPackageProductDependency;
			package = DBBCC2C02D13038C0041A1F0 /* XCRemoteSwiftPackageReference "GoogleSignIn-iOS" */;
			productName = GoogleSignIn;
		};
		DBBCC2C32D13038C0041A1F0 /* GoogleSignInSwift */ = {
			isa = XCSwiftPackageProductDependency;
			package = DBBCC2C02D13038C0041A1F0 /* XCRemoteSwiftPackageReference "GoogleSignIn-iOS" */;
			productName = GoogleSignInSwift;
		};
		DBBCC2C62D1303F70041A1F0 /* SendbirdSwiftUI */ = {
			isa = XCSwiftPackageProductDependency;
			package = DBBCC2C52D1303F70041A1F0 /* XCRemoteSwiftPackageReference "sendbird-swiftui-ios" */;
			productName = SendbirdSwiftUI;
		};
/* End XCSwiftPackageProductDependency section */
	};
	rootObject = DBF3E9262D1157EB00ABF5D5 /* Project object */;
}
